
Microsoft Visual Studio Solution File, Format Version 12.00
# Visual Studio 15
VisualStudioVersion = 15.0.26730.3
MinimumVisualStudioVersion = 10.0.40219.1
Project("{FAE04EC0-301F-11D3-BF4B-00C04F79EFBC}") = "Csharp-in-depth", "Csharp-in-depth\Csharp-in-depth.csproj", "{E6835F6D-9A17-4770-8FA5-A291D5D5F638}"
EndProject
Global
	GlobalSection(SolutionConfigurationPlatforms) = preSolution
		Debug|Any CPU = Debug|Any CPU
		Release|Any CPU = Release|Any CPU
	EndGlobalSection
	GlobalSection(ProjectConfigurationPlatforms) = postSolution
		{E6835F6D-9A17-4770-8FA5-A291D5D5F638}.Debug|Any CPU.ActiveCfg = Debug|Any CPU
		{E6835F6D-9A17-4770-8FA5-A291D5D5F638}.Debug|Any CPU.Build.0 = Debug|Any CPU
		{E6835F6D-9A17-4770-8FA5-A291D5D5F638}.Release|Any CPU.ActiveCfg = Release|Any CPU
		{E6835F6D-9A17-4770-8FA5-A291D5D5F638}.Release|Any CPU.Build.0 = Release|Any CPU
	EndGlobalSection
	GlobalSection(SolutionProperties) = preSolution
		HideSolutionNode = FALSE
	EndGlobalSection
	GlobalSection(ExtensibilityGlobals) = postSolution
		SolutionGuid = {D91F7807-1A7E-4F24-A263-8D100BA4F8D0}
	EndGlobalSection
EndGlobal
